
Microsoft Visual Studio Solution File, Format Version 12.00
# Visual Studio 15
VisualStudioVersion = 15.0.28307.902
MinimumVisualStudioVersion = 10.0.40219.1
Project("{FAE04EC0-301F-11D3-BF4B-00C04F79EFBC}") = "Exercise2.0", "Exercise2.0\Exercise2.0.csproj", "{02470038-5618-451A-8BE6-EDC7F3737CE5}"
EndProject
Global
	GlobalSection(SolutionConfigurationPlatforms) = preSolution
		Debug|Any CPU = Debug|Any CPU
		Release|Any CPU = Release|Any CPU
	EndGlobalSection
	GlobalSection(ProjectConfigurationPlatforms) = postSolution
		{02470038-5618-451A-8BE6-EDC7F3737CE5}.Debug|Any CPU.ActiveCfg = Debug|Any CPU
		{02470038-5618-451A-8BE6-EDC7F3737CE5}.Debug|Any CPU.Build.0 = Debug|Any CPU
		{02470038-5618-451A-8BE6-EDC7F3737CE5}.Release|Any CPU.ActiveCfg = Release|Any CPU
		{02470038-5618-451A-8BE6-EDC7F3737CE5}.Release|Any CPU.Build.0 = Release|Any CPU
	EndGlobalSection
	GlobalSection(SolutionProperties) = preSolution
		HideSolutionNode = FALSE
	EndGlobalSection
	GlobalSection(ExtensibilityGlobals) = postSolution
		SolutionGuid = {BD72B60F-550B-490C-902B-A9FB63B550EE}
	EndGlobalSection
EndGlobal
