
Microsoft Visual Studio Solution File, Format Version 12.00
# Visual Studio 15
VisualStudioVersion = 15.0.28307.902
MinimumVisualStudioVersion = 10.0.40219.1
Project("{FAE04EC0-301F-11D3-BF4B-00C04F79EFBC}") = "Homework1.0", "Homework1.0\Homework1.0.csproj", "{77333267-2633-496B-BDC0-FE8160CAD191}"
EndProject
Global
	GlobalSection(SolutionConfigurationPlatforms) = preSolution
		Debug|Any CPU = Debug|Any CPU
		Release|Any CPU = Release|Any CPU
	EndGlobalSection
	GlobalSection(ProjectConfigurationPlatforms) = postSolution
		{77333267-2633-496B-BDC0-FE8160CAD191}.Debug|Any CPU.ActiveCfg = Debug|Any CPU
		{77333267-2633-496B-BDC0-FE8160CAD191}.Debug|Any CPU.Build.0 = Debug|Any CPU
		{77333267-2633-496B-BDC0-FE8160CAD191}.Release|Any CPU.ActiveCfg = Release|Any CPU
		{77333267-2633-496B-BDC0-FE8160CAD191}.Release|Any CPU.Build.0 = Release|Any CPU
	EndGlobalSection
	GlobalSection(SolutionProperties) = preSolution
		HideSolutionNode = FALSE
	EndGlobalSection
	GlobalSection(ExtensibilityGlobals) = postSolution
		SolutionGuid = {DC8D0986-66E7-453E-B7AD-68104BD3D5E0}
	EndGlobalSection
EndGlobal
